// !$*UTF8*$!
{
	archiveVersion = 1;
	classes = {
	};
	objectVersion = 56;
	objects = {

/* Begin PBXBuildFile section */
		26D55F2D2BD600A800390E1F /* AppDelegate.swift in Sources */ = {isa = PBXBuildFile; fileRef = 26D55F2C2BD600A800390E1F /* AppDelegate.swift */; };
		26D55F2F2BD600A800390E1F /* SceneDelegate.swift in Sources */ = {isa = PBXBuildFile; fileRef = 26D55F2E2BD600A800390E1F /* SceneDelegate.swift */; };
		26D55F312BD600A800390E1F /* ViewController.swift in Sources */ = {isa = PBXBuildFile; fileRef = 26D55F302BD600A800390E1F /* ViewController.swift */; };
		26D55F362BD600A900390E1F /* Assets.xcassets in Resources */ = {isa = PBXBuildFile; fileRef = 26D55F352BD600A900390E1F /* Assets.xcassets */; };
		26D55F422BD7A09A00390E1F /* SolarDate.swift in Sources */ = {isa = PBXBuildFile; fileRef = 26D55F412BD7A09A00390E1F /* SolarDate.swift */; };
		26D55F442BD7A0A700390E1F /* LunarDate.swift in Sources */ = {isa = PBXBuildFile; fileRef = 26D55F432BD7A0A700390E1F /* LunarDate.swift */; };
		26D55F462BD7A0EF00390E1F /* Can.swift in Sources */ = {isa = PBXBuildFile; fileRef = 26D55F452BD7A0EF00390E1F /* Can.swift */; };
		26D55F4C2BD7A1BB00390E1F /* Chi.swift in Sources */ = {isa = PBXBuildFile; fileRef = 26D55F4B2BD7A1BB00390E1F /* Chi.swift */; };
		26D55F4E2BD7A41D00390E1F /* LaSo.swift in Sources */ = {isa = PBXBuildFile; fileRef = 26D55F4D2BD7A41D00390E1F /* LaSo.swift */; };
		26D55F502BD7A42A00390E1F /* ThienBan.swift in Sources */ = {isa = PBXBuildFile; fileRef = 26D55F4F2BD7A42A00390E1F /* ThienBan.swift */; };
		26D55F522BD7A43600390E1F /* DiaBan.swift in Sources */ = {isa = PBXBuildFile; fileRef = 26D55F512BD7A43600390E1F /* DiaBan.swift */; };
		26D55F572BD7A62500390E1F /* BanMenh.swift in Sources */ = {isa = PBXBuildFile; fileRef = 26D55F562BD7A62500390E1F /* BanMenh.swift */; };
		26D55F592BD7B38800390E1F /* CanChi.swift in Sources */ = {isa = PBXBuildFile; fileRef = 26D55F582BD7B38800390E1F /* CanChi.swift */; };
		B31CDF9F2BECC04100AFF9A3 /* SaoTuoi.swift in Sources */ = {isa = PBXBuildFile; fileRef = B31CDF9E2BECC04100AFF9A3 /* SaoTuoi.swift */; };
		B31CDFA12BECCECE00AFF9A3 /* SaoThienCanTuoi.swift in Sources */ = {isa = PBXBuildFile; fileRef = B31CDFA02BECCECE00AFF9A3 /* SaoThienCanTuoi.swift */; };
		B37A82822BEA29D10084569C /* SaoGio.swift in Sources */ = {isa = PBXBuildFile; fileRef = B37A82812BEA29D10084569C /* SaoGio.swift */; };
		B37A82842BEB1DB30084569C /* SaoKhac.swift in Sources */ = {isa = PBXBuildFile; fileRef = B37A82832BEB1DB30084569C /* SaoKhac.swift */; };
		B37E86F12BE5D281004DFF0E /* ThienBanCell.swift in Sources */ = {isa = PBXBuildFile; fileRef = B37E86EF2BE5D281004DFF0E /* ThienBanCell.swift */; };
		B37E86F22BE5D281004DFF0E /* ThienBanCell.xib in Resources */ = {isa = PBXBuildFile; fileRef = B37E86F02BE5D281004DFF0E /* ThienBanCell.xib */; };
		B37E86F52BE5D292004DFF0E /* DiaBanCell.swift in Sources */ = {isa = PBXBuildFile; fileRef = B37E86F32BE5D292004DFF0E /* DiaBanCell.swift */; };
		B37E86F62BE5D292004DFF0E /* DiaBanCell.xib in Resources */ = {isa = PBXBuildFile; fileRef = B37E86F42BE5D292004DFF0E /* DiaBanCell.xib */; };
		B37E86F92BE61F71004DFF0E /* MenuViewController.swift in Sources */ = {isa = PBXBuildFile; fileRef = B37E86F72BE61F71004DFF0E /* MenuViewController.swift */; };
		B37E86FA2BE61F71004DFF0E /* MenuViewController.xib in Resources */ = {isa = PBXBuildFile; fileRef = B37E86F82BE61F71004DFF0E /* MenuViewController.xib */; };
		B385F8BC2BDA4F8B009F8502 /* Constants.swift in Sources */ = {isa = PBXBuildFile; fileRef = B385F8BB2BDA4F8B009F8502 /* Constants.swift */; };
		B385F8BE2BDB509B009F8502 /* Menh.swift in Sources */ = {isa = PBXBuildFile; fileRef = B385F8BD2BDB509B009F8502 /* Menh.swift */; };
		B385F8C02BDB5D87009F8502 /* Cuc.swift in Sources */ = {isa = PBXBuildFile; fileRef = B385F8BF2BDB5D87009F8502 /* Cuc.swift */; };
		B385F8C22BDB621D009F8502 /* AnThan.swift in Sources */ = {isa = PBXBuildFile; fileRef = B385F8C12BDB621D009F8502 /* AnThan.swift */; };
		B3A881652BDB8A14004F372F /* HomeViewController.swift in Sources */ = {isa = PBXBuildFile; fileRef = B3A881632BDB8A14004F372F /* HomeViewController.swift */; };
		B3A881662BDB8A14004F372F /* HomeViewController.xib in Resources */ = {isa = PBXBuildFile; fileRef = B3A881642BDB8A14004F372F /* HomeViewController.xib */; };
		B3A881682BDB8DAC004F372F /* TuVi.swift in Sources */ = {isa = PBXBuildFile; fileRef = B3A881672BDB8DAC004F372F /* TuVi.swift */; };
		B3A8816A2BDB8DB7004F372F /* ThienPhu.swift in Sources */ = {isa = PBXBuildFile; fileRef = B3A881692BDB8DB7004F372F /* ThienPhu.swift */; };
		B3A8816E2BDB9544004F372F /* TrangSinh.swift in Sources */ = {isa = PBXBuildFile; fileRef = B3A8816D2BDB9544004F372F /* TrangSinh.swift */; };
		B3AE55D32BEA1E00008C3600 /* SaoThang.swift in Sources */ = {isa = PBXBuildFile; fileRef = B3AE55D22BEA1E00008C3600 /* SaoThang.swift */; };
		B3B145482BE62DC300EE7EDB /* TextField + Extension.swift in Sources */ = {isa = PBXBuildFile; fileRef = B3B145472BE62DC300EE7EDB /* TextField + Extension.swift */; };
		B3B1454A2BE635E400EE7EDB /* ThaiTue.swift in Sources */ = {isa = PBXBuildFile; fileRef = B3B145492BE635E400EE7EDB /* ThaiTue.swift */; };
		B3E1F5182BE9C36900B00991 /* LocTon.swift in Sources */ = {isa = PBXBuildFile; fileRef = B3E1F5172BE9C36900B00991 /* LocTon.swift */; };
		B3E7B4DD2BEE023D00E9C0E5 /* TuHoa.swift in Sources */ = {isa = PBXBuildFile; fileRef = B3E7B4DC2BEE023D00E9C0E5 /* TuHoa.swift */; };
		B3E7B4DF2BEE289000E9C0E5 /* TrietTuan.swift in Sources */ = {isa = PBXBuildFile; fileRef = B3E7B4DE2BEE288F00E9C0E5 /* TrietTuan.swift */; };
		D6942E890851FEAA4DC67F66 /* Pods_HoroScope.framework in Frameworks */ = {isa = PBXBuildFile; fileRef = D4DDB89EAA340DD312D367D4 /* Pods_HoroScope.framework */; };
/* End PBXBuildFile section */

/* Begin PBXFileReference section */
		26D55F292BD600A800390E1F /* HoroScope.app */ = {isa = PBXFileReference; explicitFileType = wrapper.application; includeInIndex = 0; path = HoroScope.app; sourceTree = BUILT_PRODUCTS_DIR; };
		26D55F2C2BD600A800390E1F /* AppDelegate.swift */ = {isa = PBXFileReference; lastKnownFileType = sourcecode.swift; path = AppDelegate.swift; sourceTree = "<group>"; };
		26D55F2E2BD600A800390E1F /* SceneDelegate.swift */ = {isa = PBXFileReference; lastKnownFileType = sourcecode.swift; path = SceneDelegate.swift; sourceTree = "<group>"; };
		26D55F302BD600A800390E1F /* ViewController.swift */ = {isa = PBXFileReference; lastKnownFileType = sourcecode.swift; path = ViewController.swift; sourceTree = "<group>"; };
		26D55F352BD600A900390E1F /* Assets.xcassets */ = {isa = PBXFileReference; lastKnownFileType = folder.assetcatalog; path = Assets.xcassets; sourceTree = "<group>"; };
		26D55F3A2BD600A900390E1F /* Info.plist */ = {isa = PBXFileReference; lastKnownFileType = text.plist.xml; path = Info.plist; sourceTree = "<group>"; };
		26D55F412BD7A09A00390E1F /* SolarDate.swift */ = {isa = PBXFileReference; lastKnownFileType = sourcecode.swift; path = SolarDate.swift; sourceTree = "<group>"; };
		26D55F432BD7A0A700390E1F /* LunarDate.swift */ = {isa = PBXFileReference; lastKnownFileType = sourcecode.swift; path = LunarDate.swift; sourceTree = "<group>"; };
		26D55F452BD7A0EF00390E1F /* Can.swift */ = {isa = PBXFileReference; lastKnownFileType = sourcecode.swift; path = Can.swift; sourceTree = "<group>"; };
		26D55F4B2BD7A1BB00390E1F /* Chi.swift */ = {isa = PBXFileReference; lastKnownFileType = sourcecode.swift; path = Chi.swift; sourceTree = "<group>"; };
		26D55F4D2BD7A41D00390E1F /* LaSo.swift */ = {isa = PBXFileReference; lastKnownFileType = sourcecode.swift; path = LaSo.swift; sourceTree = "<group>"; };
		26D55F4F2BD7A42A00390E1F /* ThienBan.swift */ = {isa = PBXFileReference; lastKnownFileType = sourcecode.swift; path = ThienBan.swift; sourceTree = "<group>"; };
		26D55F512BD7A43600390E1F /* DiaBan.swift */ = {isa = PBXFileReference; lastKnownFileType = sourcecode.swift; path = DiaBan.swift; sourceTree = "<group>"; };
		26D55F562BD7A62500390E1F /* BanMenh.swift */ = {isa = PBXFileReference; lastKnownFileType = sourcecode.swift; path = BanMenh.swift; sourceTree = "<group>"; };
		26D55F582BD7B38800390E1F /* CanChi.swift */ = {isa = PBXFileReference; lastKnownFileType = sourcecode.swift; path = CanChi.swift; sourceTree = "<group>"; };
		B31CDF9E2BECC04100AFF9A3 /* SaoTuoi.swift */ = {isa = PBXFileReference; lastKnownFileType = sourcecode.swift; path = SaoTuoi.swift; sourceTree = "<group>"; };
		B31CDFA02BECCECE00AFF9A3 /* SaoThienCanTuoi.swift */ = {isa = PBXFileReference; lastKnownFileType = sourcecode.swift; path = SaoThienCanTuoi.swift; sourceTree = "<group>"; };
		B37A82812BEA29D10084569C /* SaoGio.swift */ = {isa = PBXFileReference; lastKnownFileType = sourcecode.swift; path = SaoGio.swift; sourceTree = "<group>"; };
		B37A82832BEB1DB30084569C /* SaoKhac.swift */ = {isa = PBXFileReference; lastKnownFileType = sourcecode.swift; path = SaoKhac.swift; sourceTree = "<group>"; };
		B37E86EF2BE5D281004DFF0E /* ThienBanCell.swift */ = {isa = PBXFileReference; lastKnownFileType = sourcecode.swift; path = ThienBanCell.swift; sourceTree = "<group>"; };
		B37E86F02BE5D281004DFF0E /* ThienBanCell.xib */ = {isa = PBXFileReference; lastKnownFileType = file.xib; path = ThienBanCell.xib; sourceTree = "<group>"; };
		B37E86F32BE5D292004DFF0E /* DiaBanCell.swift */ = {isa = PBXFileReference; lastKnownFileType = sourcecode.swift; path = DiaBanCell.swift; sourceTree = "<group>"; };
		B37E86F42BE5D292004DFF0E /* DiaBanCell.xib */ = {isa = PBXFileReference; lastKnownFileType = file.xib; path = DiaBanCell.xib; sourceTree = "<group>"; };
		B37E86F72BE61F71004DFF0E /* MenuViewController.swift */ = {isa = PBXFileReference; lastKnownFileType = sourcecode.swift; path = MenuViewController.swift; sourceTree = "<group>"; };
		B37E86F82BE61F71004DFF0E /* MenuViewController.xib */ = {isa = PBXFileReference; lastKnownFileType = file.xib; path = MenuViewController.xib; sourceTree = "<group>"; };
		B385F8BB2BDA4F8B009F8502 /* Constants.swift */ = {isa = PBXFileReference; lastKnownFileType = sourcecode.swift; path = Constants.swift; sourceTree = "<group>"; };
		B385F8BD2BDB509B009F8502 /* Menh.swift */ = {isa = PBXFileReference; lastKnownFileType = sourcecode.swift; path = Menh.swift; sourceTree = "<group>"; };
		B385F8BF2BDB5D87009F8502 /* Cuc.swift */ = {isa = PBXFileReference; lastKnownFileType = sourcecode.swift; path = Cuc.swift; sourceTree = "<group>"; };
		B385F8C12BDB621D009F8502 /* AnThan.swift */ = {isa = PBXFileReference; lastKnownFileType = sourcecode.swift; path = AnThan.swift; sourceTree = "<group>"; };
		B3A881632BDB8A14004F372F /* HomeViewController.swift */ = {isa = PBXFileReference; lastKnownFileType = sourcecode.swift; path = HomeViewController.swift; sourceTree = "<group>"; };
		B3A881642BDB8A14004F372F /* HomeViewController.xib */ = {isa = PBXFileReference; lastKnownFileType = file.xib; path = HomeViewController.xib; sourceTree = "<group>"; };
		B3A881672BDB8DAC004F372F /* TuVi.swift */ = {isa = PBXFileReference; lastKnownFileType = sourcecode.swift; path = TuVi.swift; sourceTree = "<group>"; };
		B3A881692BDB8DB7004F372F /* ThienPhu.swift */ = {isa = PBXFileReference; lastKnownFileType = sourcecode.swift; path = ThienPhu.swift; sourceTree = "<group>"; };
		B3A8816D2BDB9544004F372F /* TrangSinh.swift */ = {isa = PBXFileReference; lastKnownFileType = sourcecode.swift; path = TrangSinh.swift; sourceTree = "<group>"; };
		B3AE55D22BEA1E00008C3600 /* SaoThang.swift */ = {isa = PBXFileReference; lastKnownFileType = sourcecode.swift; path = SaoThang.swift; sourceTree = "<group>"; };
		B3B145472BE62DC300EE7EDB /* TextField + Extension.swift */ = {isa = PBXFileReference; lastKnownFileType = sourcecode.swift; path = "TextField + Extension.swift"; sourceTree = "<group>"; };
		B3B145492BE635E400EE7EDB /* ThaiTue.swift */ = {isa = PBXFileReference; lastKnownFileType = sourcecode.swift; path = ThaiTue.swift; sourceTree = "<group>"; };
		B3E1F5172BE9C36900B00991 /* LocTon.swift */ = {isa = PBXFileReference; lastKnownFileType = sourcecode.swift; path = LocTon.swift; sourceTree = "<group>"; };
		B3E7B4DC2BEE023D00E9C0E5 /* TuHoa.swift */ = {isa = PBXFileReference; lastKnownFileType = sourcecode.swift; path = TuHoa.swift; sourceTree = "<group>"; };
		B3E7B4DE2BEE288F00E9C0E5 /* TrietTuan.swift */ = {isa = PBXFileReference; lastKnownFileType = sourcecode.swift; path = TrietTuan.swift; sourceTree = "<group>"; };
		D4DDB89EAA340DD312D367D4 /* Pods_HoroScope.framework */ = {isa = PBXFileReference; explicitFileType = wrapper.framework; includeInIndex = 0; path = Pods_HoroScope.framework; sourceTree = BUILT_PRODUCTS_DIR; };
		F39EADA7172A15DDE8CC9810 /* Pods-HoroScope.debug.xcconfig */ = {isa = PBXFileReference; includeInIndex = 1; lastKnownFileType = text.xcconfig; name = "Pods-HoroScope.debug.xcconfig"; path = "Target Support Files/Pods-HoroScope/Pods-HoroScope.debug.xcconfig"; sourceTree = "<group>"; };
		F593D8BE33F547D1E4C0BA2F /* Pods-HoroScope.release.xcconfig */ = {isa = PBXFileReference; includeInIndex = 1; lastKnownFileType = text.xcconfig; name = "Pods-HoroScope.release.xcconfig"; path = "Target Support Files/Pods-HoroScope/Pods-HoroScope.release.xcconfig"; sourceTree = "<group>"; };
/* End PBXFileReference section */

/* Begin PBXFrameworksBuildPhase section */
		26D55F262BD600A800390E1F /* Frameworks */ = {
			isa = PBXFrameworksBuildPhase;
			buildActionMask = 2147483647;
			files = (
				D6942E890851FEAA4DC67F66 /* Pods_HoroScope.framework in Frameworks */,
			);
			runOnlyForDeploymentPostprocessing = 0;
		};
/* End PBXFrameworksBuildPhase section */

/* Begin PBXGroup section */
		26D55F202BD600A800390E1F = {
			isa = PBXGroup;
			children = (
				26D55F2B2BD600A800390E1F /* HoroScope */,
				26D55F2A2BD600A800390E1F /* Products */,
				9005C3DCD8FB99821B1A0E41 /* Pods */,
				2DAC5A4C1A55DEA34DA4C98D /* Frameworks */,
			);
			sourceTree = "<group>";
		};
		26D55F2A2BD600A800390E1F /* Products */ = {
			isa = PBXGroup;
			children = (
				26D55F292BD600A800390E1F /* HoroScope.app */,
			);
			name = Products;
			sourceTree = "<group>";
		};
		26D55F2B2BD600A800390E1F /* HoroScope */ = {
			isa = PBXGroup;
			children = (
				26D55F3A2BD600A900390E1F /* Info.plist */,
				26D55F492BD7A18200390E1F /* Application */,
				B385F8BA2BDA4F6F009F8502 /* Constants */,
				26D55F402BD7A07500390E1F /* Model */,
				26D55F472BD7A17500390E1F /* View */,
				26D55F482BD7A17900390E1F /* Controller */,
				26D55F4A2BD7A19500390E1F /* Resources */,
			);
			path = HoroScope;
			sourceTree = "<group>";
		};
		26D55F402BD7A07500390E1F /* Model */ = {
			isa = PBXGroup;
			children = (
				26D55F542BD7A5CE00390E1F /* SubModel */,
				26D55F4D2BD7A41D00390E1F /* LaSo.swift */,
				26D55F532BD7A5BA00390E1F /* ThienBan */,
				26D55F552BD7A5DA00390E1F /* DiaBan */,
			);
			path = Model;
			sourceTree = "<group>";
		};
		26D55F472BD7A17500390E1F /* View */ = {
			isa = PBXGroup;
			children = (
				B3A881632BDB8A14004F372F /* HomeViewController.swift */,
				B3A881642BDB8A14004F372F /* HomeViewController.xib */,
				B37E86EF2BE5D281004DFF0E /* ThienBanCell.swift */,
				B37E86F02BE5D281004DFF0E /* ThienBanCell.xib */,
				B37E86F32BE5D292004DFF0E /* DiaBanCell.swift */,
				B37E86F42BE5D292004DFF0E /* DiaBanCell.xib */,
				B37E86F72BE61F71004DFF0E /* MenuViewController.swift */,
				B37E86F82BE61F71004DFF0E /* MenuViewController.xib */,
			);
			path = View;
			sourceTree = "<group>";
		};
		26D55F482BD7A17900390E1F /* Controller */ = {
			isa = PBXGroup;
			children = (
				26D55F302BD600A800390E1F /* ViewController.swift */,
			);
			path = Controller;
			sourceTree = "<group>";
		};
		26D55F492BD7A18200390E1F /* Application */ = {
			isa = PBXGroup;
			children = (
				26D55F2C2BD600A800390E1F /* AppDelegate.swift */,
				26D55F2E2BD600A800390E1F /* SceneDelegate.swift */,
			);
			path = Application;
			sourceTree = "<group>";
		};
		26D55F4A2BD7A19500390E1F /* Resources */ = {
			isa = PBXGroup;
			children = (
				26D55F352BD600A900390E1F /* Assets.xcassets */,
			);
			path = Resources;
			sourceTree = "<group>";
		};
		26D55F532BD7A5BA00390E1F /* ThienBan */ = {
			isa = PBXGroup;
			children = (
				26D55F4F2BD7A42A00390E1F /* ThienBan.swift */,
				26D55F562BD7A62500390E1F /* BanMenh.swift */,
				B385F8BF2BDB5D87009F8502 /* Cuc.swift */,
			);
			path = ThienBan;
			sourceTree = "<group>";
		};
		26D55F542BD7A5CE00390E1F /* SubModel */ = {
			isa = PBXGroup;
			children = (
				26D55F412BD7A09A00390E1F /* SolarDate.swift */,
				26D55F432BD7A0A700390E1F /* LunarDate.swift */,
				26D55F452BD7A0EF00390E1F /* Can.swift */,
				26D55F4B2BD7A1BB00390E1F /* Chi.swift */,
				26D55F582BD7B38800390E1F /* CanChi.swift */,
			);
			path = SubModel;
			sourceTree = "<group>";
		};
		26D55F552BD7A5DA00390E1F /* DiaBan */ = {
			isa = PBXGroup;
			children = (
				26D55F512BD7A43600390E1F /* DiaBan.swift */,
				B385F8BD2BDB509B009F8502 /* Menh.swift */,
				B385F8C12BDB621D009F8502 /* AnThan.swift */,
				B3A881672BDB8DAC004F372F /* TuVi.swift */,
				B3A881692BDB8DB7004F372F /* ThienPhu.swift */,
				B3A8816D2BDB9544004F372F /* TrangSinh.swift */,
				B3B145492BE635E400EE7EDB /* ThaiTue.swift */,
				B3E1F5172BE9C36900B00991 /* LocTon.swift */,
				B3AE55D22BEA1E00008C3600 /* SaoThang.swift */,
				B37A82812BEA29D10084569C /* SaoGio.swift */,
				B37A82832BEB1DB30084569C /* SaoKhac.swift */,
				B31CDF9E2BECC04100AFF9A3 /* SaoTuoi.swift */,
				B31CDFA02BECCECE00AFF9A3 /* SaoThienCanTuoi.swift */,
				B3E7B4DC2BEE023D00E9C0E5 /* TuHoa.swift */,
				B3E7B4DE2BEE288F00E9C0E5 /* TrietTuan.swift */,
			);
			path = DiaBan;
			sourceTree = "<group>";
		};
		2DAC5A4C1A55DEA34DA4C98D /* Frameworks */ = {
			isa = PBXGroup;
			children = (
				D4DDB89EAA340DD312D367D4 /* Pods_HoroScope.framework */,
			);
			name = Frameworks;
			sourceTree = "<group>";
		};
		9005C3DCD8FB99821B1A0E41 /* Pods */ = {
			isa = PBXGroup;
			children = (
				F39EADA7172A15DDE8CC9810 /* Pods-HoroScope.debug.xcconfig */,
				F593D8BE33F547D1E4C0BA2F /* Pods-HoroScope.release.xcconfig */,
			);
			path = Pods;
			sourceTree = "<group>";
		};
		B385F8BA2BDA4F6F009F8502 /* Constants */ = {
			isa = PBXGroup;
			children = (
				B3B145472BE62DC300EE7EDB /* TextField + Extension.swift */,
				B385F8BB2BDA4F8B009F8502 /* Constants.swift */,
			);
			path = Constants;
			sourceTree = "<group>";
		};
/* End PBXGroup section */

/* Begin PBXNativeTarget section */
		26D55F282BD600A800390E1F /* HoroScope */ = {
			isa = PBXNativeTarget;
			buildConfigurationList = 26D55F3D2BD600A900390E1F /* Build configuration list for PBXNativeTarget "HoroScope" */;
			buildPhases = (
				85653EAE9AC95672F54AF2C7 /* [CP] Check Pods Manifest.lock */,
				26D55F252BD600A800390E1F /* Sources */,
				26D55F262BD600A800390E1F /* Frameworks */,
				26D55F272BD600A800390E1F /* Resources */,
				D5608B9C87A3989BE7D651D5 /* [CP] Embed Pods Frameworks */,
			);
			buildRules = (
			);
			dependencies = (
			);
			name = HoroScope;
			productName = HoroScope;
			productReference = 26D55F292BD600A800390E1F /* HoroScope.app */;
			productType = "com.apple.product-type.application";
		};
/* End PBXNativeTarget section */

/* Begin PBXProject section */
		26D55F212BD600A800390E1F /* Project object */ = {
			isa = PBXProject;
			attributes = {
				BuildIndependentTargetsInParallel = 1;
				LastSwiftUpdateCheck = 1530;
				LastUpgradeCheck = 1530;
				TargetAttributes = {
					26D55F282BD600A800390E1F = {
						CreatedOnToolsVersion = 15.3;
					};
				};
			};
			buildConfigurationList = 26D55F242BD600A800390E1F /* Build configuration list for PBXProject "HoroScope" */;
			compatibilityVersion = "Xcode 14.0";
			developmentRegion = en;
			hasScannedForEncodings = 0;
			knownRegions = (
				en,
				Base,
			);
			mainGroup = 26D55F202BD600A800390E1F;
			productRefGroup = 26D55F2A2BD600A800390E1F /* Products */;
			projectDirPath = "";
			projectRoot = "";
			targets = (
				26D55F282BD600A800390E1F /* HoroScope */,
			);
		};
/* End PBXProject section */

/* Begin PBXResourcesBuildPhase section */
		26D55F272BD600A800390E1F /* Resources */ = {
			isa = PBXResourcesBuildPhase;
			buildActionMask = 2147483647;
			files = (
				26D55F362BD600A900390E1F /* Assets.xcassets in Resources */,
				B3A881662BDB8A14004F372F /* HomeViewController.xib in Resources */,
				B37E86FA2BE61F71004DFF0E /* MenuViewController.xib in Resources */,
				B37E86F62BE5D292004DFF0E /* DiaBanCell.xib in Resources */,
				B37E86F22BE5D281004DFF0E /* ThienBanCell.xib in Resources */,
			);
			runOnlyForDeploymentPostprocessing = 0;
		};
/* End PBXResourcesBuildPhase section */

/* Begin PBXShellScriptBuildPhase section */
		85653EAE9AC95672F54AF2C7 /* [CP] Check Pods Manifest.lock */ = {
			isa = PBXShellScriptBuildPhase;
			buildActionMask = 2147483647;
			files = (
			);
			inputFileListPaths = (
			);
			inputPaths = (
				"${PODS_PODFILE_DIR_PATH}/Podfile.lock",
				"${PODS_ROOT}/Manifest.lock",
			);
			name = "[CP] Check Pods Manifest.lock";
			outputFileListPaths = (
			);
			outputPaths = (
				"$(DERIVED_FILE_DIR)/Pods-HoroScope-checkManifestLockResult.txt",
			);
			runOnlyForDeploymentPostprocessing = 0;
			shellPath = /bin/sh;
			shellScript = "diff \"${PODS_PODFILE_DIR_PATH}/Podfile.lock\" \"${PODS_ROOT}/Manifest.lock\" > /dev/null\nif [ $? != 0 ] ; then\n    # print error to STDERR\n    echo \"error: The sandbox is not in sync with the Podfile.lock. Run 'pod install' or update your CocoaPods installation.\" >&2\n    exit 1\nfi\n# This output is used by Xcode 'outputs' to avoid re-running this script phase.\necho \"SUCCESS\" > \"${SCRIPT_OUTPUT_FILE_0}\"\n";
			showEnvVarsInLog = 0;
		};
		D5608B9C87A3989BE7D651D5 /* [CP] Embed Pods Frameworks */ = {
			isa = PBXShellScriptBuildPhase;
			buildActionMask = 2147483647;
			files = (
			);
			inputFileListPaths = (
				"${PODS_ROOT}/Target Support Files/Pods-HoroScope/Pods-HoroScope-frameworks-${CONFIGURATION}-input-files.xcfilelist",
			);
			name = "[CP] Embed Pods Frameworks";
			outputFileListPaths = (
				"${PODS_ROOT}/Target Support Files/Pods-HoroScope/Pods-HoroScope-frameworks-${CONFIGURATION}-output-files.xcfilelist",
			);
			runOnlyForDeploymentPostprocessing = 0;
			shellPath = /bin/sh;
			shellScript = "\"${PODS_ROOT}/Target Support Files/Pods-HoroScope/Pods-HoroScope-frameworks.sh\"\n";
			showEnvVarsInLog = 0;
		};
/* End PBXShellScriptBuildPhase section */

/* Begin PBXSourcesBuildPhase section */
		26D55F252BD600A800390E1F /* Sources */ = {
			isa = PBXSourcesBuildPhase;
			buildActionMask = 2147483647;
			files = (
				26D55F572BD7A62500390E1F /* BanMenh.swift in Sources */,
				B385F8C22BDB621D009F8502 /* AnThan.swift in Sources */,
				B37A82842BEB1DB30084569C /* SaoKhac.swift in Sources */,
				B31CDFA12BECCECE00AFF9A3 /* SaoThienCanTuoi.swift in Sources */,
				B3E1F5182BE9C36900B00991 /* LocTon.swift in Sources */,
				B37E86F52BE5D292004DFF0E /* DiaBanCell.swift in Sources */,
				B37E86F12BE5D281004DFF0E /* ThienBanCell.swift in Sources */,
				B3E7B4DD2BEE023D00E9C0E5 /* TuHoa.swift in Sources */,
				B3A881652BDB8A14004F372F /* HomeViewController.swift in Sources */,
				B385F8C02BDB5D87009F8502 /* Cuc.swift in Sources */,
				26D55F592BD7B38800390E1F /* CanChi.swift in Sources */,
				B3B1454A2BE635E400EE7EDB /* ThaiTue.swift in Sources */,
				B37A82822BEA29D10084569C /* SaoGio.swift in Sources */,
				26D55F4C2BD7A1BB00390E1F /* Chi.swift in Sources */,
				B31CDF9F2BECC04100AFF9A3 /* SaoTuoi.swift in Sources */,
				26D55F312BD600A800390E1F /* ViewController.swift in Sources */,
				26D55F522BD7A43600390E1F /* DiaBan.swift in Sources */,
				26D55F502BD7A42A00390E1F /* ThienBan.swift in Sources */,
				26D55F442BD7A0A700390E1F /* LunarDate.swift in Sources */,
				B385F8BC2BDA4F8B009F8502 /* Constants.swift in Sources */,
				26D55F462BD7A0EF00390E1F /* Can.swift in Sources */,
				26D55F4E2BD7A41D00390E1F /* LaSo.swift in Sources */,
				B3E7B4DF2BEE289000E9C0E5 /* TrietTuan.swift in Sources */,
				26D55F422BD7A09A00390E1F /* SolarDate.swift in Sources */,
				26D55F2D2BD600A800390E1F /* AppDelegate.swift in Sources */,
				B3AE55D32BEA1E00008C3600 /* SaoThang.swift in Sources */,
				B3A8816A2BDB8DB7004F372F /* ThienPhu.swift in Sources */,
				B3A881682BDB8DAC004F372F /* TuVi.swift in Sources */,
				B37E86F92BE61F71004DFF0E /* MenuViewController.swift in Sources */,
				26D55F2F2BD600A800390E1F /* SceneDelegate.swift in Sources */,
				B385F8BE2BDB509B009F8502 /* Menh.swift in Sources */,
				B3A8816E2BDB9544004F372F /* TrangSinh.swift in Sources */,
				B3B145482BE62DC300EE7EDB /* TextField + Extension.swift in Sources */,
			);
			runOnlyForDeploymentPostprocessing = 0;
		};
/* End PBXSourcesBuildPhase section */

/* Begin XCBuildConfiguration section */
		26D55F3B2BD600A900390E1F /* Debug */ = {
			isa = XCBuildConfiguration;
			buildSettings = {
				ALWAYS_SEARCH_USER_PATHS = NO;
				ASSETCATALOG_COMPILER_GENERATE_SWIFT_ASSET_SYMBOL_EXTENSIONS = YES;
				CLANG_ANALYZER_NONNULL = YES;
				CLANG_ANALYZER_NUMBER_OBJECT_CONVERSION = YES_AGGRESSIVE;
				CLANG_CXX_LANGUAGE_STANDARD = "gnu++20";
				CLANG_ENABLE_MODULES = YES;
				CLANG_ENABLE_OBJC_ARC = YES;
				CLANG_ENABLE_OBJC_WEAK = YES;
				CLANG_WARN_BLOCK_CAPTURE_AUTORELEASING = YES;
				CLANG_WARN_BOOL_CONVERSION = YES;
				CLANG_WARN_COMMA = YES;
				CLANG_WARN_CONSTANT_CONVERSION = YES;
				CLANG_WARN_DEPRECATED_OBJC_IMPLEMENTATIONS = YES;
				CLANG_WARN_DIRECT_OBJC_ISA_USAGE = YES_ERROR;
				CLANG_WARN_DOCUMENTATION_COMMENTS = YES;
				CLANG_WARN_EMPTY_BODY = YES;
				CLANG_WARN_ENUM_CONVERSION = YES;
				CLANG_WARN_INFINITE_RECURSION = YES;
				CLANG_WARN_INT_CONVERSION = YES;
				CLANG_WARN_NON_LITERAL_NULL_CONVERSION = YES;
				CLANG_WARN_OBJC_IMPLICIT_RETAIN_SELF = YES;
				CLANG_WARN_OBJC_LITERAL_CONVERSION = YES;
				CLANG_WARN_OBJC_ROOT_CLASS = YES_ERROR;
				CLANG_WARN_QUOTED_INCLUDE_IN_FRAMEWORK_HEADER = YES;
				CLANG_WARN_RANGE_LOOP_ANALYSIS = YES;
				CLANG_WARN_STRICT_PROTOTYPES = YES;
				CLANG_WARN_SUSPICIOUS_MOVE = YES;
				CLANG_WARN_UNGUARDED_AVAILABILITY = YES_AGGRESSIVE;
				CLANG_WARN_UNREACHABLE_CODE = YES;
				CLANG_WARN__DUPLICATE_METHOD_MATCH = YES;
				COPY_PHASE_STRIP = NO;
				DEBUG_INFORMATION_FORMAT = dwarf;
				ENABLE_STRICT_OBJC_MSGSEND = YES;
				ENABLE_TESTABILITY = YES;
				ENABLE_USER_SCRIPT_SANDBOXING = NO;
				GCC_C_LANGUAGE_STANDARD = gnu17;
				GCC_DYNAMIC_NO_PIC = NO;
				GCC_NO_COMMON_BLOCKS = YES;
				GCC_OPTIMIZATION_LEVEL = 0;
				GCC_PREPROCESSOR_DEFINITIONS = (
					"DEBUG=1",
					"$(inherited)",
				);
				GCC_WARN_64_TO_32_BIT_CONVERSION = YES;
				GCC_WARN_ABOUT_RETURN_TYPE = YES_ERROR;
				GCC_WARN_UNDECLARED_SELECTOR = YES;
				GCC_WARN_UNINITIALIZED_AUTOS = YES_AGGRESSIVE;
				GCC_WARN_UNUSED_FUNCTION = YES;
				GCC_WARN_UNUSED_VARIABLE = YES;
				IPHONEOS_DEPLOYMENT_TARGET = 15.0;
				LOCALIZATION_PREFERS_STRING_CATALOGS = YES;
				MTL_ENABLE_DEBUG_INFO = INCLUDE_SOURCE;
				MTL_FAST_MATH = YES;
				ONLY_ACTIVE_ARCH = YES;
				SDKROOT = iphoneos;
				SWIFT_ACTIVE_COMPILATION_CONDITIONS = "DEBUG $(inherited)";
				SWIFT_OPTIMIZATION_LEVEL = "-Onone";
			};
			name = Debug;
		};
		26D55F3C2BD600A900390E1F /* Release */ = {
			isa = XCBuildConfiguration;
			buildSettings = {
				ALWAYS_SEARCH_USER_PATHS = NO;
				ASSETCATALOG_COMPILER_GENERATE_SWIFT_ASSET_SYMBOL_EXTENSIONS = YES;
				CLANG_ANALYZER_NONNULL = YES;
				CLANG_ANALYZER_NUMBER_OBJECT_CONVERSION = YES_AGGRESSIVE;
				CLANG_CXX_LANGUAGE_STANDARD = "gnu++20";
				CLANG_ENABLE_MODULES = YES;
				CLANG_ENABLE_OBJC_ARC = YES;
				CLANG_ENABLE_OBJC_WEAK = YES;
				CLANG_WARN_BLOCK_CAPTURE_AUTORELEASING = YES;
				CLANG_WARN_BOOL_CONVERSION = YES;
				CLANG_WARN_COMMA = YES;
				CLANG_WARN_CONSTANT_CONVERSION = YES;
				CLANG_WARN_DEPRECATED_OBJC_IMPLEMENTATIONS = YES;
				CLANG_WARN_DIRECT_OBJC_ISA_USAGE = YES_ERROR;
				CLANG_WARN_DOCUMENTATION_COMMENTS = YES;
				CLANG_WARN_EMPTY_BODY = YES;
				CLANG_WARN_ENUM_CONVERSION = YES;
				CLANG_WARN_INFINITE_RECURSION = YES;
				CLANG_WARN_INT_CONVERSION = YES;
				CLANG_WARN_NON_LITERAL_NULL_CONVERSION = YES;
				CLANG_WARN_OBJC_IMPLICIT_RETAIN_SELF = YES;
				CLANG_WARN_OBJC_LITERAL_CONVERSION = YES;
				CLANG_WARN_OBJC_ROOT_CLASS = YES_ERROR;
				CLANG_WARN_QUOTED_INCLUDE_IN_FRAMEWORK_HEADER = YES;
				CLANG_WARN_RANGE_LOOP_ANALYSIS = YES;
				CLANG_WARN_STRICT_PROTOTYPES = YES;
				CLANG_WARN_SUSPICIOUS_MOVE = YES;
				CLANG_WARN_UNGUARDED_AVAILABILITY = YES_AGGRESSIVE;
				CLANG_WARN_UNREACHABLE_CODE = YES;
				CLANG_WARN__DUPLICATE_METHOD_MATCH = YES;
				COPY_PHASE_STRIP = NO;
				DEBUG_INFORMATION_FORMAT = "dwarf-with-dsym";
				ENABLE_NS_ASSERTIONS = NO;
				ENABLE_STRICT_OBJC_MSGSEND = YES;
				ENABLE_USER_SCRIPT_SANDBOXING = NO;
				GCC_C_LANGUAGE_STANDARD = gnu17;
				GCC_NO_COMMON_BLOCKS = YES;
				GCC_WARN_64_TO_32_BIT_CONVERSION = YES;
				GCC_WARN_ABOUT_RETURN_TYPE = YES_ERROR;
				GCC_WARN_UNDECLARED_SELECTOR = YES;
				GCC_WARN_UNINITIALIZED_AUTOS = YES_AGGRESSIVE;
				GCC_WARN_UNUSED_FUNCTION = YES;
				GCC_WARN_UNUSED_VARIABLE = YES;
				IPHONEOS_DEPLOYMENT_TARGET = 15.0;
				LOCALIZATION_PREFERS_STRING_CATALOGS = YES;
				MTL_ENABLE_DEBUG_INFO = NO;
				MTL_FAST_MATH = YES;
				SDKROOT = iphoneos;
				SWIFT_COMPILATION_MODE = wholemodule;
				VALIDATE_PRODUCT = YES;
			};
			name = Release;
		};
		26D55F3E2BD600A900390E1F /* Debug */ = {
			isa = XCBuildConfiguration;
			baseConfigurationReference = F39EADA7172A15DDE8CC9810 /* Pods-HoroScope.debug.xcconfig */;
			buildSettings = {
				ASSETCATALOG_COMPILER_APPICON_NAME = AppIcon;
				ASSETCATALOG_COMPILER_GLOBAL_ACCENT_COLOR_NAME = AccentColor;
				CODE_SIGN_STYLE = Automatic;
				CURRENT_PROJECT_VERSION = 1;
				DEVELOPMENT_TEAM = L986574MQT;
				GENERATE_INFOPLIST_FILE = YES;
				INFOPLIST_FILE = HoroScope/Info.plist;
				INFOPLIST_KEY_UIApplicationSupportsIndirectInputEvents = YES;
				INFOPLIST_KEY_UILaunchStoryboardName = LaunchScreen;
				INFOPLIST_KEY_UISupportedInterfaceOrientations_iPad = "UIInterfaceOrientationPortrait UIInterfaceOrientationPortraitUpsideDown UIInterfaceOrientationLandscapeLeft UIInterfaceOrientationLandscapeRight";
				INFOPLIST_KEY_UISupportedInterfaceOrientations_iPhone = "UIInterfaceOrientationPortrait UIInterfaceOrientationLandscapeLeft UIInterfaceOrientationLandscapeRight";
				IPHONEOS_DEPLOYMENT_TARGET = 15.0;
				LD_RUNPATH_SEARCH_PATHS = (
					"$(inherited)",
					"@executable_path/Frameworks",
				);
				MARKETING_VERSION = 1.0;
				PRODUCT_BUNDLE_IDENTIFIER = com.hnam.HoroScope;
				PRODUCT_NAME = "$(TARGET_NAME)";
				SWIFT_EMIT_LOC_STRINGS = YES;
				SWIFT_VERSION = 5.0;
				TARGETED_DEVICE_FAMILY = "1,2";
			};
			name = Debug;
		};
		26D55F3F2BD600A900390E1F /* Release */ = {
			isa = XCBuildConfiguration;
			baseConfigurationReference = F593D8BE33F547D1E4C0BA2F /* Pods-HoroScope.release.xcconfig */;
			buildSettings = {
				ASSETCATALOG_COMPILER_APPICON_NAME = AppIcon;
				ASSETCATALOG_COMPILER_GLOBAL_ACCENT_COLOR_NAME = AccentColor;
				CODE_SIGN_STYLE = Automatic;
				CURRENT_PROJECT_VERSION = 1;
				DEVELOPMENT_TEAM = L986574MQT;
				GENERATE_INFOPLIST_FILE = YES;
				INFOPLIST_FILE = HoroScope/Info.plist;
				INFOPLIST_KEY_UIApplicationSupportsIndirectInputEvents = YES;
				INFOPLIST_KEY_UILaunchStoryboardName = LaunchScreen;
				INFOPLIST_KEY_UISupportedInterfaceOrientations_iPad = "UIInterfaceOrientationPortrait UIInterfaceOrientationPortraitUpsideDown UIInterfaceOrientationLandscapeLeft UIInterfaceOrientationLandscapeRight";
				INFOPLIST_KEY_UISupportedInterfaceOrientations_iPhone = "UIInterfaceOrientationPortrait UIInterfaceOrientationLandscapeLeft UIInterfaceOrientationLandscapeRight";
				IPHONEOS_DEPLOYMENT_TARGET = 15.0;
				LD_RUNPATH_SEARCH_PATHS = (
					"$(inherited)",
					"@executable_path/Frameworks",
				);
				MARKETING_VERSION = 1.0;
				PRODUCT_BUNDLE_IDENTIFIER = com.hnam.HoroScope;
				PRODUCT_NAME = "$(TARGET_NAME)";
				SWIFT_EMIT_LOC_STRINGS = YES;
				SWIFT_VERSION = 5.0;
				TARGETED_DEVICE_FAMILY = "1,2";
			};
			name = Release;
		};
/* End XCBuildConfiguration section */

/* Begin XCConfigurationList section */
		26D55F242BD600A800390E1F /* Build configuration list for PBXProject "HoroScope" */ = {
			isa = XCConfigurationList;
			buildConfigurations = (
				26D55F3B2BD600A900390E1F /* Debug */,
				26D55F3C2BD600A900390E1F /* Release */,
			);
			defaultConfigurationIsVisible = 0;
			defaultConfigurationName = Release;
		};
		26D55F3D2BD600A900390E1F /* Build configuration list for PBXNativeTarget "HoroScope" */ = {
			isa = XCConfigurationList;
			buildConfigurations = (
				26D55F3E2BD600A900390E1F /* Debug */,
				26D55F3F2BD600A900390E1F /* Release */,
			);
			defaultConfigurationIsVisible = 0;
			defaultConfigurationName = Release;
		};
/* End XCConfigurationList section */
	};
	rootObject = 26D55F212BD600A800390E1F /* Project object */;
}
