// !$*UTF8*$!
{
	archiveVersion = 1;
	classes = {
	};
	objectVersion = 56;
	objects = {

/* Begin PBXBuildFile section */
		26D55F2D2BD600A800390E1F /* AppDelegate.swift in Sources */ = {isa = PBXBuildFile; fileRef = 26D55F2C2BD600A800390E1F /* AppDelegate.swift */; };
		26D55F2F2BD600A800390E1F /* SceneDelegate.swift in Sources */ = {isa = PBXBuildFile; fileRef = 26D55F2E2BD600A800390E1F /* SceneDelegate.swift */; };
		26D55F312BD600A800390E1F /* ViewController.swift in Sources */ = {isa = PBXBuildFile; fileRef = 26D55F302BD600A800390E1F /* ViewController.swift */; };
		26D55F362BD600A900390E1F /* Assets.xcassets in Resources */ = {isa = PBXBuildFile; fileRef = 26D55F352BD600A900390E1F /* Assets.xcassets */; };
		26D55F422BD7A09A00390E1F /* SolarDate.swift in Sources */ = {isa = PBXBuildFile; fileRef = 26D55F412BD7A09A00390E1F /* SolarDate.swift */; };
		26D55F442BD7A0A700390E1F /* LunarDate.swift in Sources */ = {isa = PBXBuildFile; fileRef = 26D55F432BD7A0A700390E1F /* LunarDate.swift */; };
		26D55F462BD7A0EF00390E1F /* Can.swift in Sources */ = {isa = PBXBuildFile; fileRef = 26D55F452BD7A0EF00390E1F /* Can.swift */; };
		26D55F4C2BD7A1BB00390E1F /* Chi.swift in Sources */ = {isa = PBXBuildFile; fileRef = 26D55F4B2BD7A1BB00390E1F /* Chi.swift */; };
		26D55F4E2BD7A41D00390E1F /* LaSo.swift in Sources */ = {isa = PBXBuildFile; fileRef = 26D55F4D2BD7A41D00390E1F /* LaSo.swift */; };
		26D55F502BD7A42A00390E1F /* ThienBan.swift in Sources */ = {isa = PBXBuildFile; fileRef = 26D55F4F2BD7A42A00390E1F /* ThienBan.swift */; };
		26D55F522BD7A43600390E1F /* DiaBan.swift in Sources */ = {isa = PBXBuildFile; fileRef = 26D55F512BD7A43600390E1F /* DiaBan.swift */; };
		26D55F572BD7A62500390E1F /* BanMenh.swift in Sources */ = {isa = PBXBuildFile; fileRef = 26D55F562BD7A62500390E1F /* BanMenh.swift */; };
		26D55F592BD7B38800390E1F /* CanChi.swift in Sources */ = {isa = PBXBuildFile; fileRef = 26D55F582BD7B38800390E1F /* CanChi.swift */; };
		B385F8BC2BDA4F8B009F8502 /* Constants.swift in Sources */ = {isa = PBXBuildFile; fileRef = B385F8BB2BDA4F8B009F8502 /* Constants.swift */; };
		B385F8BE2BDB509B009F8502 /* Menh.swift in Sources */ = {isa = PBXBuildFile; fileRef = B385F8BD2BDB509B009F8502 /* Menh.swift */; };
		B385F8C02BDB5D87009F8502 /* Cuc.swift in Sources */ = {isa = PBXBuildFile; fileRef = B385F8BF2BDB5D87009F8502 /* Cuc.swift */; };
		B385F8C22BDB621D009F8502 /* AnThan.swift in Sources */ = {isa = PBXBuildFile; fileRef = B385F8C12BDB621D009F8502 /* AnThan.swift */; };
		B385F8C42BDB63D6009F8502 /* MenhChu.swift in Sources */ = {isa = PBXBuildFile; fileRef = B385F8C32BDB63D6009F8502 /* MenhChu.swift */; };
		B385F8C62BDB662B009F8502 /* Sex.swift in Sources */ = {isa = PBXBuildFile; fileRef = B385F8C52BDB662B009F8502 /* Sex.swift */; };
		B3A881652BDB8A14004F372F /* HomeViewController.swift in Sources */ = {isa = PBXBuildFile; fileRef = B3A881632BDB8A14004F372F /* HomeViewController.swift */; };
		B3A881662BDB8A14004F372F /* HomeViewController.xib in Resources */ = {isa = PBXBuildFile; fileRef = B3A881642BDB8A14004F372F /* HomeViewController.xib */; };
		B3A881682BDB8DAC004F372F /* TuVi.swift in Sources */ = {isa = PBXBuildFile; fileRef = B3A881672BDB8DAC004F372F /* TuVi.swift */; };
		B3A8816A2BDB8DB7004F372F /* ThienPhu.swift in Sources */ = {isa = PBXBuildFile; fileRef = B3A881692BDB8DB7004F372F /* ThienPhu.swift */; };
		B3A8816C2BDB91B0004F372F /* SaoDacTinh.swift in Sources */ = {isa = PBXBuildFile; fileRef = B3A8816B2BDB91B0004F372F /* SaoDacTinh.swift */; };
		B3A8816E2BDB9544004F372F /* TrangSinh.swift in Sources */ = {isa = PBXBuildFile; fileRef = B3A8816D2BDB9544004F372F /* TrangSinh.swift */; };
		B3A881702BDB99AA004F372F /* Sao.swift in Sources */ = {isa = PBXBuildFile; fileRef = B3A8816F2BDB99AA004F372F /* Sao.swift */; };
		B3A881722BDB9F1F004F372F /* ChuThan.swift in Sources */ = {isa = PBXBuildFile; fileRef = B3A881712BDB9F1F004F372F /* ChuThan.swift */; };
		B3A881742BDBA133004F372F /* MenhThanChu.swift in Sources */ = {isa = PBXBuildFile; fileRef = B3A881732BDBA133004F372F /* MenhThanChu.swift */; };
		B3A881762BDBA464004F372F /* Hanh.swift in Sources */ = {isa = PBXBuildFile; fileRef = B3A881752BDBA464004F372F /* Hanh.swift */; };
/* End PBXBuildFile section */

/* Begin PBXFileReference section */
		26D55F292BD600A800390E1F /* HoroScope.app */ = {isa = PBXFileReference; explicitFileType = wrapper.application; includeInIndex = 0; path = HoroScope.app; sourceTree = BUILT_PRODUCTS_DIR; };
		26D55F2C2BD600A800390E1F /* AppDelegate.swift */ = {isa = PBXFileReference; lastKnownFileType = sourcecode.swift; path = AppDelegate.swift; sourceTree = "<group>"; };
		26D55F2E2BD600A800390E1F /* SceneDelegate.swift */ = {isa = PBXFileReference; lastKnownFileType = sourcecode.swift; path = SceneDelegate.swift; sourceTree = "<group>"; };
		26D55F302BD600A800390E1F /* ViewController.swift */ = {isa = PBXFileReference; lastKnownFileType = sourcecode.swift; path = ViewController.swift; sourceTree = "<group>"; };
		26D55F352BD600A900390E1F /* Assets.xcassets */ = {isa = PBXFileReference; lastKnownFileType = folder.assetcatalog; path = Assets.xcassets; sourceTree = "<group>"; };
		26D55F3A2BD600A900390E1F /* Info.plist */ = {isa = PBXFileReference; lastKnownFileType = text.plist.xml; path = Info.plist; sourceTree = "<group>"; };
		26D55F412BD7A09A00390E1F /* SolarDate.swift */ = {isa = PBXFileReference; lastKnownFileType = sourcecode.swift; path = SolarDate.swift; sourceTree = "<group>"; };
		26D55F432BD7A0A700390E1F /* LunarDate.swift */ = {isa = PBXFileReference; lastKnownFileType = sourcecode.swift; path = LunarDate.swift; sourceTree = "<group>"; };
		26D55F452BD7A0EF00390E1F /* Can.swift */ = {isa = PBXFileReference; lastKnownFileType = sourcecode.swift; path = Can.swift; sourceTree = "<group>"; };
		26D55F4B2BD7A1BB00390E1F /* Chi.swift */ = {isa = PBXFileReference; lastKnownFileType = sourcecode.swift; path = Chi.swift; sourceTree = "<group>"; };
		26D55F4D2BD7A41D00390E1F /* LaSo.swift */ = {isa = PBXFileReference; lastKnownFileType = sourcecode.swift; path = LaSo.swift; sourceTree = "<group>"; };
		26D55F4F2BD7A42A00390E1F /* ThienBan.swift */ = {isa = PBXFileReference; lastKnownFileType = sourcecode.swift; path = ThienBan.swift; sourceTree = "<group>"; };
		26D55F512BD7A43600390E1F /* DiaBan.swift */ = {isa = PBXFileReference; lastKnownFileType = sourcecode.swift; path = DiaBan.swift; sourceTree = "<group>"; };
		26D55F562BD7A62500390E1F /* BanMenh.swift */ = {isa = PBXFileReference; lastKnownFileType = sourcecode.swift; path = BanMenh.swift; sourceTree = "<group>"; };
		26D55F582BD7B38800390E1F /* CanChi.swift */ = {isa = PBXFileReference; lastKnownFileType = sourcecode.swift; path = CanChi.swift; sourceTree = "<group>"; };
		B385F8BB2BDA4F8B009F8502 /* Constants.swift */ = {isa = PBXFileReference; lastKnownFileType = sourcecode.swift; path = Constants.swift; sourceTree = "<group>"; };
		B385F8BD2BDB509B009F8502 /* Menh.swift */ = {isa = PBXFileReference; lastKnownFileType = sourcecode.swift; path = Menh.swift; sourceTree = "<group>"; };
		B385F8BF2BDB5D87009F8502 /* Cuc.swift */ = {isa = PBXFileReference; lastKnownFileType = sourcecode.swift; path = Cuc.swift; sourceTree = "<group>"; };
		B385F8C12BDB621D009F8502 /* AnThan.swift */ = {isa = PBXFileReference; lastKnownFileType = sourcecode.swift; path = AnThan.swift; sourceTree = "<group>"; };
		B385F8C32BDB63D6009F8502 /* MenhChu.swift */ = {isa = PBXFileReference; lastKnownFileType = sourcecode.swift; path = MenhChu.swift; sourceTree = "<group>"; };
		B385F8C52BDB662B009F8502 /* Sex.swift */ = {isa = PBXFileReference; lastKnownFileType = sourcecode.swift; path = Sex.swift; sourceTree = "<group>"; };
		B3A881632BDB8A14004F372F /* HomeViewController.swift */ = {isa = PBXFileReference; lastKnownFileType = sourcecode.swift; path = HomeViewController.swift; sourceTree = "<group>"; };
		B3A881642BDB8A14004F372F /* HomeViewController.xib */ = {isa = PBXFileReference; lastKnownFileType = file.xib; path = HomeViewController.xib; sourceTree = "<group>"; };
		B3A881672BDB8DAC004F372F /* TuVi.swift */ = {isa = PBXFileReference; lastKnownFileType = sourcecode.swift; path = TuVi.swift; sourceTree = "<group>"; };
		B3A881692BDB8DB7004F372F /* ThienPhu.swift */ = {isa = PBXFileReference; lastKnownFileType = sourcecode.swift; path = ThienPhu.swift; sourceTree = "<group>"; };
		B3A8816B2BDB91B0004F372F /* SaoDacTinh.swift */ = {isa = PBXFileReference; lastKnownFileType = sourcecode.swift; path = SaoDacTinh.swift; sourceTree = "<group>"; };
		B3A8816D2BDB9544004F372F /* TrangSinh.swift */ = {isa = PBXFileReference; lastKnownFileType = sourcecode.swift; path = TrangSinh.swift; sourceTree = "<group>"; };
		B3A8816F2BDB99AA004F372F /* Sao.swift */ = {isa = PBXFileReference; lastKnownFileType = sourcecode.swift; path = Sao.swift; sourceTree = "<group>"; };
		B3A881712BDB9F1F004F372F /* ChuThan.swift */ = {isa = PBXFileReference; lastKnownFileType = sourcecode.swift; path = ChuThan.swift; sourceTree = "<group>"; };
		B3A881732BDBA133004F372F /* MenhThanChu.swift */ = {isa = PBXFileReference; lastKnownFileType = sourcecode.swift; path = MenhThanChu.swift; sourceTree = "<group>"; };
		B3A881752BDBA464004F372F /* Hanh.swift */ = {isa = PBXFileReference; lastKnownFileType = sourcecode.swift; path = Hanh.swift; sourceTree = "<group>"; };
/* End PBXFileReference section */

/* Begin PBXFrameworksBuildPhase section */
		26D55F262BD600A800390E1F /* Frameworks */ = {
			isa = PBXFrameworksBuildPhase;
			buildActionMask = 2147483647;
			files = (
			);
			runOnlyForDeploymentPostprocessing = 0;
		};
/* End PBXFrameworksBuildPhase section */

/* Begin PBXGroup section */
		26D55F202BD600A800390E1F = {
			isa = PBXGroup;
			children = (
				26D55F2B2BD600A800390E1F /* HoroScope */,
				26D55F2A2BD600A800390E1F /* Products */,
			);
			sourceTree = "<group>";
		};
		26D55F2A2BD600A800390E1F /* Products */ = {
			isa = PBXGroup;
			children = (
				26D55F292BD600A800390E1F /* HoroScope.app */,
			);
			name = Products;
			sourceTree = "<group>";
		};
		26D55F2B2BD600A800390E1F /* HoroScope */ = {
			isa = PBXGroup;
			children = (
				26D55F3A2BD600A900390E1F /* Info.plist */,
				26D55F492BD7A18200390E1F /* Application */,
				B385F8BA2BDA4F6F009F8502 /* Constants */,
				26D55F402BD7A07500390E1F /* Model */,
				26D55F472BD7A17500390E1F /* View */,
				26D55F482BD7A17900390E1F /* Controller */,
				26D55F4A2BD7A19500390E1F /* Resources */,
			);
			path = HoroScope;
			sourceTree = "<group>";
		};
		26D55F402BD7A07500390E1F /* Model */ = {
			isa = PBXGroup;
			children = (
				26D55F542BD7A5CE00390E1F /* SubModel */,
				26D55F4D2BD7A41D00390E1F /* LaSo.swift */,
				26D55F532BD7A5BA00390E1F /* ThienBan */,
				26D55F552BD7A5DA00390E1F /* DiaBan */,
			);
			path = Model;
			sourceTree = "<group>";
		};
		26D55F472BD7A17500390E1F /* View */ = {
			isa = PBXGroup;
			children = (
				B3A881632BDB8A14004F372F /* HomeViewController.swift */,
				B3A881642BDB8A14004F372F /* HomeViewController.xib */,
			);
			path = View;
			sourceTree = "<group>";
		};
		26D55F482BD7A17900390E1F /* Controller */ = {
			isa = PBXGroup;
			children = (
				26D55F302BD600A800390E1F /* ViewController.swift */,
			);
			path = Controller;
			sourceTree = "<group>";
		};
		26D55F492BD7A18200390E1F /* Application */ = {
			isa = PBXGroup;
			children = (
				26D55F2C2BD600A800390E1F /* AppDelegate.swift */,
				26D55F2E2BD600A800390E1F /* SceneDelegate.swift */,
			);
			path = Application;
			sourceTree = "<group>";
		};
		26D55F4A2BD7A19500390E1F /* Resources */ = {
			isa = PBXGroup;
			children = (
				26D55F352BD600A900390E1F /* Assets.xcassets */,
			);
			path = Resources;
			sourceTree = "<group>";
		};
		26D55F532BD7A5BA00390E1F /* ThienBan */ = {
			isa = PBXGroup;
			children = (
				26D55F4F2BD7A42A00390E1F /* ThienBan.swift */,
				26D55F562BD7A62500390E1F /* BanMenh.swift */,
				B385F8BF2BDB5D87009F8502 /* Cuc.swift */,
				B385F8C32BDB63D6009F8502 /* MenhChu.swift */,
				B385F8C52BDB662B009F8502 /* Sex.swift */,
				B3A8816B2BDB91B0004F372F /* SaoDacTinh.swift */,
				B3A881712BDB9F1F004F372F /* ChuThan.swift */,
			);
			path = ThienBan;
			sourceTree = "<group>";
		};
		26D55F542BD7A5CE00390E1F /* SubModel */ = {
			isa = PBXGroup;
			children = (
				26D55F412BD7A09A00390E1F /* SolarDate.swift */,
				26D55F432BD7A0A700390E1F /* LunarDate.swift */,
				26D55F452BD7A0EF00390E1F /* Can.swift */,
				26D55F4B2BD7A1BB00390E1F /* Chi.swift */,
				26D55F582BD7B38800390E1F /* CanChi.swift */,
			);
			path = SubModel;
			sourceTree = "<group>";
		};
		26D55F552BD7A5DA00390E1F /* DiaBan */ = {
			isa = PBXGroup;
			children = (
				26D55F512BD7A43600390E1F /* DiaBan.swift */,
				B385F8BD2BDB509B009F8502 /* Menh.swift */,
				B385F8C12BDB621D009F8502 /* AnThan.swift */,
				B3A881672BDB8DAC004F372F /* TuVi.swift */,
				B3A881692BDB8DB7004F372F /* ThienPhu.swift */,
				B3A8816D2BDB9544004F372F /* TrangSinh.swift */,
				B3A8816F2BDB99AA004F372F /* Sao.swift */,
				B3A881732BDBA133004F372F /* MenhThanChu.swift */,
				B3A881752BDBA464004F372F /* Hanh.swift */,
			);
			path = DiaBan;
			sourceTree = "<group>";
		};
		B385F8BA2BDA4F6F009F8502 /* Constants */ = {
			isa = PBXGroup;
			children = (
				B385F8BB2BDA4F8B009F8502 /* Constants.swift */,
			);
			path = Constants;
			sourceTree = "<group>";
		};
/* End PBXGroup section */

/* Begin PBXNativeTarget section */
		26D55F282BD600A800390E1F /* HoroScope */ = {
			isa = PBXNativeTarget;
			buildConfigurationList = 26D55F3D2BD600A900390E1F /* Build configuration list for PBXNativeTarget "HoroScope" */;
			buildPhases = (
				26D55F252BD600A800390E1F /* Sources */,
				26D55F262BD600A800390E1F /* Frameworks */,
				26D55F272BD600A800390E1F /* Resources */,
			);
			buildRules = (
			);
			dependencies = (
			);
			name = HoroScope;
			productName = HoroScope;
			productReference = 26D55F292BD600A800390E1F /* HoroScope.app */;
			productType = "com.apple.product-type.application";
		};
/* End PBXNativeTarget section */

/* Begin PBXProject section */
		26D55F212BD600A800390E1F /* Project object */ = {
			isa = PBXProject;
			attributes = {
				BuildIndependentTargetsInParallel = 1;
				LastSwiftUpdateCheck = 1530;
				LastUpgradeCheck = 1530;
				TargetAttributes = {
					26D55F282BD600A800390E1F = {
						CreatedOnToolsVersion = 15.3;
					};
				};
			};
			buildConfigurationList = 26D55F242BD600A800390E1F /* Build configuration list for PBXProject "HoroScope" */;
			compatibilityVersion = "Xcode 14.0";
			developmentRegion = en;
			hasScannedForEncodings = 0;
			knownRegions = (
				en,
				Base,
			);
			mainGroup = 26D55F202BD600A800390E1F;
			productRefGroup = 26D55F2A2BD600A800390E1F /* Products */;
			projectDirPath = "";
			projectRoot = "";
			targets = (
				26D55F282BD600A800390E1F /* HoroScope */,
			);
		};
/* End PBXProject section */

/* Begin PBXResourcesBuildPhase section */
		26D55F272BD600A800390E1F /* Resources */ = {
			isa = PBXResourcesBuildPhase;
			buildActionMask = 2147483647;
			files = (
				26D55F362BD600A900390E1F /* Assets.xcassets in Resources */,
				B3A881662BDB8A14004F372F /* HomeViewController.xib in Resources */,
			);
			runOnlyForDeploymentPostprocessing = 0;
		};
/* End PBXResourcesBuildPhase section */

/* Begin PBXSourcesBuildPhase section */
		26D55F252BD600A800390E1F /* Sources */ = {
			isa = PBXSourcesBuildPhase;
			buildActionMask = 2147483647;
			files = (
				26D55F572BD7A62500390E1F /* BanMenh.swift in Sources */,
				B385F8C22BDB621D009F8502 /* AnThan.swift in Sources */,
				B3A881652BDB8A14004F372F /* HomeViewController.swift in Sources */,
				B385F8C02BDB5D87009F8502 /* Cuc.swift in Sources */,
				26D55F592BD7B38800390E1F /* CanChi.swift in Sources */,
				26D55F4C2BD7A1BB00390E1F /* Chi.swift in Sources */,
				26D55F312BD600A800390E1F /* ViewController.swift in Sources */,
				B385F8C42BDB63D6009F8502 /* MenhChu.swift in Sources */,
				26D55F522BD7A43600390E1F /* DiaBan.swift in Sources */,
				B385F8C62BDB662B009F8502 /* Sex.swift in Sources */,
				26D55F502BD7A42A00390E1F /* ThienBan.swift in Sources */,
				26D55F442BD7A0A700390E1F /* LunarDate.swift in Sources */,
				B385F8BC2BDA4F8B009F8502 /* Constants.swift in Sources */,
				B3A881742BDBA133004F372F /* MenhThanChu.swift in Sources */,
				B3A881722BDB9F1F004F372F /* ChuThan.swift in Sources */,
				B3A8816C2BDB91B0004F372F /* SaoDacTinh.swift in Sources */,
				26D55F462BD7A0EF00390E1F /* Can.swift in Sources */,
				B3A881702BDB99AA004F372F /* Sao.swift in Sources */,
				26D55F4E2BD7A41D00390E1F /* LaSo.swift in Sources */,
				26D55F422BD7A09A00390E1F /* SolarDate.swift in Sources */,
				26D55F2D2BD600A800390E1F /* AppDelegate.swift in Sources */,
				B3A8816A2BDB8DB7004F372F /* ThienPhu.swift in Sources */,
				B3A881682BDB8DAC004F372F /* TuVi.swift in Sources */,
				B3A881762BDBA464004F372F /* Hanh.swift in Sources */,
				26D55F2F2BD600A800390E1F /* SceneDelegate.swift in Sources */,
				B385F8BE2BDB509B009F8502 /* Menh.swift in Sources */,
				B3A8816E2BDB9544004F372F /* TrangSinh.swift in Sources */,
			);
			runOnlyForDeploymentPostprocessing = 0;
		};
/* End PBXSourcesBuildPhase section */

/* Begin XCBuildConfiguration section */
		26D55F3B2BD600A900390E1F /* Debug */ = {
			isa = XCBuildConfiguration;
			buildSettings = {
				ALWAYS_SEARCH_USER_PATHS = NO;
				ASSETCATALOG_COMPILER_GENERATE_SWIFT_ASSET_SYMBOL_EXTENSIONS = YES;
				CLANG_ANALYZER_NONNULL = YES;
				CLANG_ANALYZER_NUMBER_OBJECT_CONVERSION = YES_AGGRESSIVE;
				CLANG_CXX_LANGUAGE_STANDARD = "gnu++20";
				CLANG_ENABLE_MODULES = YES;
				CLANG_ENABLE_OBJC_ARC = YES;
				CLANG_ENABLE_OBJC_WEAK = YES;
				CLANG_WARN_BLOCK_CAPTURE_AUTORELEASING = YES;
				CLANG_WARN_BOOL_CONVERSION = YES;
				CLANG_WARN_COMMA = YES;
				CLANG_WARN_CONSTANT_CONVERSION = YES;
				CLANG_WARN_DEPRECATED_OBJC_IMPLEMENTATIONS = YES;
				CLANG_WARN_DIRECT_OBJC_ISA_USAGE = YES_ERROR;
				CLANG_WARN_DOCUMENTATION_COMMENTS = YES;
				CLANG_WARN_EMPTY_BODY = YES;
				CLANG_WARN_ENUM_CONVERSION = YES;
				CLANG_WARN_INFINITE_RECURSION = YES;
				CLANG_WARN_INT_CONVERSION = YES;
				CLANG_WARN_NON_LITERAL_NULL_CONVERSION = YES;
				CLANG_WARN_OBJC_IMPLICIT_RETAIN_SELF = YES;
				CLANG_WARN_OBJC_LITERAL_CONVERSION = YES;
				CLANG_WARN_OBJC_ROOT_CLASS = YES_ERROR;
				CLANG_WARN_QUOTED_INCLUDE_IN_FRAMEWORK_HEADER = YES;
				CLANG_WARN_RANGE_LOOP_ANALYSIS = YES;
				CLANG_WARN_STRICT_PROTOTYPES = YES;
				CLANG_WARN_SUSPICIOUS_MOVE = YES;
				CLANG_WARN_UNGUARDED_AVAILABILITY = YES_AGGRESSIVE;
				CLANG_WARN_UNREACHABLE_CODE = YES;
				CLANG_WARN__DUPLICATE_METHOD_MATCH = YES;
				COPY_PHASE_STRIP = NO;
				DEBUG_INFORMATION_FORMAT = dwarf;
				ENABLE_STRICT_OBJC_MSGSEND = YES;
				ENABLE_TESTABILITY = YES;
				ENABLE_USER_SCRIPT_SANDBOXING = YES;
				GCC_C_LANGUAGE_STANDARD = gnu17;
				GCC_DYNAMIC_NO_PIC = NO;
				GCC_NO_COMMON_BLOCKS = YES;
				GCC_OPTIMIZATION_LEVEL = 0;
				GCC_PREPROCESSOR_DEFINITIONS = (
					"DEBUG=1",
					"$(inherited)",
				);
				GCC_WARN_64_TO_32_BIT_CONVERSION = YES;
				GCC_WARN_ABOUT_RETURN_TYPE = YES_ERROR;
				GCC_WARN_UNDECLARED_SELECTOR = YES;
				GCC_WARN_UNINITIALIZED_AUTOS = YES_AGGRESSIVE;
				GCC_WARN_UNUSED_FUNCTION = YES;
				GCC_WARN_UNUSED_VARIABLE = YES;
				IPHONEOS_DEPLOYMENT_TARGET = 17.4;
				LOCALIZATION_PREFERS_STRING_CATALOGS = YES;
				MTL_ENABLE_DEBUG_INFO = INCLUDE_SOURCE;
				MTL_FAST_MATH = YES;
				ONLY_ACTIVE_ARCH = YES;
				SDKROOT = iphoneos;
				SWIFT_ACTIVE_COMPILATION_CONDITIONS = "DEBUG $(inherited)";
				SWIFT_OPTIMIZATION_LEVEL = "-Onone";
			};
			name = Debug;
		};
		26D55F3C2BD600A900390E1F /* Release */ = {
			isa = XCBuildConfiguration;
			buildSettings = {
				ALWAYS_SEARCH_USER_PATHS = NO;
				ASSETCATALOG_COMPILER_GENERATE_SWIFT_ASSET_SYMBOL_EXTENSIONS = YES;
				CLANG_ANALYZER_NONNULL = YES;
				CLANG_ANALYZER_NUMBER_OBJECT_CONVERSION = YES_AGGRESSIVE;
				CLANG_CXX_LANGUAGE_STANDARD = "gnu++20";
				CLANG_ENABLE_MODULES = YES;
				CLANG_ENABLE_OBJC_ARC = YES;
				CLANG_ENABLE_OBJC_WEAK = YES;
				CLANG_WARN_BLOCK_CAPTURE_AUTORELEASING = YES;
				CLANG_WARN_BOOL_CONVERSION = YES;
				CLANG_WARN_COMMA = YES;
				CLANG_WARN_CONSTANT_CONVERSION = YES;
				CLANG_WARN_DEPRECATED_OBJC_IMPLEMENTATIONS = YES;
				CLANG_WARN_DIRECT_OBJC_ISA_USAGE = YES_ERROR;
				CLANG_WARN_DOCUMENTATION_COMMENTS = YES;
				CLANG_WARN_EMPTY_BODY = YES;
				CLANG_WARN_ENUM_CONVERSION = YES;
				CLANG_WARN_INFINITE_RECURSION = YES;
				CLANG_WARN_INT_CONVERSION = YES;
				CLANG_WARN_NON_LITERAL_NULL_CONVERSION = YES;
				CLANG_WARN_OBJC_IMPLICIT_RETAIN_SELF = YES;
				CLANG_WARN_OBJC_LITERAL_CONVERSION = YES;
				CLANG_WARN_OBJC_ROOT_CLASS = YES_ERROR;
				CLANG_WARN_QUOTED_INCLUDE_IN_FRAMEWORK_HEADER = YES;
				CLANG_WARN_RANGE_LOOP_ANALYSIS = YES;
				CLANG_WARN_STRICT_PROTOTYPES = YES;
				CLANG_WARN_SUSPICIOUS_MOVE = YES;
				CLANG_WARN_UNGUARDED_AVAILABILITY = YES_AGGRESSIVE;
				CLANG_WARN_UNREACHABLE_CODE = YES;
				CLANG_WARN__DUPLICATE_METHOD_MATCH = YES;
				COPY_PHASE_STRIP = NO;
				DEBUG_INFORMATION_FORMAT = "dwarf-with-dsym";
				ENABLE_NS_ASSERTIONS = NO;
				ENABLE_STRICT_OBJC_MSGSEND = YES;
				ENABLE_USER_SCRIPT_SANDBOXING = YES;
				GCC_C_LANGUAGE_STANDARD = gnu17;
				GCC_NO_COMMON_BLOCKS = YES;
				GCC_WARN_64_TO_32_BIT_CONVERSION = YES;
				GCC_WARN_ABOUT_RETURN_TYPE = YES_ERROR;
				GCC_WARN_UNDECLARED_SELECTOR = YES;
				GCC_WARN_UNINITIALIZED_AUTOS = YES_AGGRESSIVE;
				GCC_WARN_UNUSED_FUNCTION = YES;
				GCC_WARN_UNUSED_VARIABLE = YES;
				IPHONEOS_DEPLOYMENT_TARGET = 17.4;
				LOCALIZATION_PREFERS_STRING_CATALOGS = YES;
				MTL_ENABLE_DEBUG_INFO = NO;
				MTL_FAST_MATH = YES;
				SDKROOT = iphoneos;
				SWIFT_COMPILATION_MODE = wholemodule;
				VALIDATE_PRODUCT = YES;
			};
			name = Release;
		};
		26D55F3E2BD600A900390E1F /* Debug */ = {
			isa = XCBuildConfiguration;
			buildSettings = {
				ASSETCATALOG_COMPILER_APPICON_NAME = AppIcon;
				ASSETCATALOG_COMPILER_GLOBAL_ACCENT_COLOR_NAME = AccentColor;
				CODE_SIGN_STYLE = Automatic;
				CURRENT_PROJECT_VERSION = 1;
				DEVELOPMENT_TEAM = 9G9YD8GX8D;
				GENERATE_INFOPLIST_FILE = YES;
				INFOPLIST_FILE = HoroScope/Info.plist;
				INFOPLIST_KEY_UIApplicationSupportsIndirectInputEvents = YES;
				INFOPLIST_KEY_UILaunchStoryboardName = LaunchScreen;
				INFOPLIST_KEY_UISupportedInterfaceOrientations_iPad = "UIInterfaceOrientationPortrait UIInterfaceOrientationPortraitUpsideDown UIInterfaceOrientationLandscapeLeft UIInterfaceOrientationLandscapeRight";
				INFOPLIST_KEY_UISupportedInterfaceOrientations_iPhone = "UIInterfaceOrientationPortrait UIInterfaceOrientationLandscapeLeft UIInterfaceOrientationLandscapeRight";
				LD_RUNPATH_SEARCH_PATHS = (
					"$(inherited)",
					"@executable_path/Frameworks",
				);
				MARKETING_VERSION = 1.0;
				PRODUCT_BUNDLE_IDENTIFIER = com.hnam.HoroScope;
				PRODUCT_NAME = "$(TARGET_NAME)";
				SWIFT_EMIT_LOC_STRINGS = YES;
				SWIFT_VERSION = 5.0;
				TARGETED_DEVICE_FAMILY = "1,2";
			};
			name = Debug;
		};
		26D55F3F2BD600A900390E1F /* Release */ = {
			isa = XCBuildConfiguration;
			buildSettings = {
				ASSETCATALOG_COMPILER_APPICON_NAME = AppIcon;
				ASSETCATALOG_COMPILER_GLOBAL_ACCENT_COLOR_NAME = AccentColor;
				CODE_SIGN_STYLE = Automatic;
				CURRENT_PROJECT_VERSION = 1;
				DEVELOPMENT_TEAM = 9G9YD8GX8D;
				GENERATE_INFOPLIST_FILE = YES;
				INFOPLIST_FILE = HoroScope/Info.plist;
				INFOPLIST_KEY_UIApplicationSupportsIndirectInputEvents = YES;
				INFOPLIST_KEY_UILaunchStoryboardName = LaunchScreen;
				INFOPLIST_KEY_UISupportedInterfaceOrientations_iPad = "UIInterfaceOrientationPortrait UIInterfaceOrientationPortraitUpsideDown UIInterfaceOrientationLandscapeLeft UIInterfaceOrientationLandscapeRight";
				INFOPLIST_KEY_UISupportedInterfaceOrientations_iPhone = "UIInterfaceOrientationPortrait UIInterfaceOrientationLandscapeLeft UIInterfaceOrientationLandscapeRight";
				LD_RUNPATH_SEARCH_PATHS = (
					"$(inherited)",
					"@executable_path/Frameworks",
				);
				MARKETING_VERSION = 1.0;
				PRODUCT_BUNDLE_IDENTIFIER = com.hnam.HoroScope;
				PRODUCT_NAME = "$(TARGET_NAME)";
				SWIFT_EMIT_LOC_STRINGS = YES;
				SWIFT_VERSION = 5.0;
				TARGETED_DEVICE_FAMILY = "1,2";
			};
			name = Release;
		};
/* End XCBuildConfiguration section */

/* Begin XCConfigurationList section */
		26D55F242BD600A800390E1F /* Build configuration list for PBXProject "HoroScope" */ = {
			isa = XCConfigurationList;
			buildConfigurations = (
				26D55F3B2BD600A900390E1F /* Debug */,
				26D55F3C2BD600A900390E1F /* Release */,
			);
			defaultConfigurationIsVisible = 0;
			defaultConfigurationName = Release;
		};
		26D55F3D2BD600A900390E1F /* Build configuration list for PBXNativeTarget "HoroScope" */ = {
			isa = XCConfigurationList;
			buildConfigurations = (
				26D55F3E2BD600A900390E1F /* Debug */,
				26D55F3F2BD600A900390E1F /* Release */,
			);
			defaultConfigurationIsVisible = 0;
			defaultConfigurationName = Release;
		};
/* End XCConfigurationList section */
	};
	rootObject = 26D55F212BD600A800390E1F /* Project object */;
}
